
Microsoft Visual Studio Solution File, Format Version 12.00
# Visual Studio Version 17
VisualStudioVersion = 17.0.31903.59
MinimumVisualStudioVersion = 10.0.40219.1
Project("{FAE04EC0-301F-11D3-BF4B-00C04F79EFBC}") = "MyApp", "MyApp\MyApp.csproj", "{AACE2094-78E0-4EFC-A597-F2DDC2DB4D24}"
EndProject
Project("{FAE04EC0-301F-11D3-BF4B-00C04F79EFBC}") = "MyApp.Tests", "MyApp.Tests\MyApp.Tests.csproj", "{C8AFDD93-6909-4739-8660-617922E9F676}"
EndProject
Global
	GlobalSection(SolutionConfigurationPlatforms) = preSolution
		Debug|Any CPU = Debug|Any CPU
		Release|Any CPU = Release|Any CPU
	EndGlobalSection
	GlobalSection(SolutionProperties) = preSolution
		HideSolutionNode = FALSE
	EndGlobalSection
	GlobalSection(ProjectConfigurationPlatforms) = postSolution
		{AACE2094-78E0-4EFC-A597-F2DDC2DB4D24}.Debug|Any CPU.ActiveCfg = Debug|Any CPU
		{AACE2094-78E0-4EFC-A597-F2DDC2DB4D24}.Debug|Any CPU.Build.0 = Debug|Any CPU
		{AACE2094-78E0-4EFC-A597-F2DDC2DB4D24}.Release|Any CPU.ActiveCfg = Release|Any CPU
		{AACE2094-78E0-4EFC-A597-F2DDC2DB4D24}.Release|Any CPU.Build.0 = Release|Any CPU
		{C8AFDD93-6909-4739-8660-617922E9F676}.Debug|Any CPU.ActiveCfg = Debug|Any CPU
		{C8AFDD93-6909-4739-8660-617922E9F676}.Debug|Any CPU.Build.0 = Debug|Any CPU
		{C8AFDD93-6909-4739-8660-617922E9F676}.Release|Any CPU.ActiveCfg = Release|Any CPU
		{C8AFDD93-6909-4739-8660-617922E9F676}.Release|Any CPU.Build.0 = Release|Any CPU
	EndGlobalSection
EndGlobal
